dependencies:
  espressif/cjson:
    component_hash: 9372811fb197926f522c467627cf4a8e72b681e0366e17879631da801103aef3
    dependencies:
    - name: idf
      require: private
      version: '>=5.0'
    source:
      registry_url: https://components.espressif.com/
      type: service
    version: 1.7.19
  idf:
    source:
      type: idf
    version: 6.1.0
  k0i05/esp_ssd1306:
    component_hash: 0bda01e422bdefe42b0760b2e3d3e840d57f5adc555fe40a267ecb918d9b63a2
    dependencies:
    - name: idf
      require: private
      version: '>5.3.0'
    - name: k0i05/esp_type_utils
      registry_url: https://components.espressif.com
      require: private
      version: '>=1.0.0'
    source:
      registry_url: https://components.espressif.com/
      type: service
    version: 1.2.7
  k0i05/esp_type_utils:
    component_hash: 95d8ec40268e045f7e264d8035f451e53844b4a2f6d5f112ece6645c5effd639
    dependencies:
    - name: idf
      require: private
      version: '>5.3.0'
    source:
      registry_url: https://components.espressif.com
      type: service
    version: 1.2.7
direct_dependencies:
- espressif/cjson
- idf
- k0i05/esp_ssd1306
manifest_hash: 29650ee5d6dfc4c444fa71cc28ee72c0b8d8d31e49f822bea5bee5c7abf7c720
target: esp32s3
version: 2.0.0
